Microsoft Visual Studio Solution File, Format Version 11.00
# Visual Studio 2008

Project("{BC088641-F12E-B164-9B78-A91F4082FA42}") = "VR-Riposte", "Assembly-CSharp.csproj", "{75849ABF-EAF9-AA25-C62E-5DD54D3EE10A}"
EndProject
Project("{BC088641-F12E-B164-9B78-A91F4082FA42}") = "VR-Riposte", "Assembly-CSharp-Editor.csproj", "{A09A75CD-F2BC-4ACC-B153-43BEF2CAA4E8}"
EndProject
Global
	GlobalSection(SolutionConfigurationPlatforms) = preSolution
		Debug|Any CPU = Debug|Any CPU
		Release|Any CPU = Release|Any CPU
	EndGlobalSection
	GlobalSection(ProjectConfigurationPlatforms) = postSolution
		{75849ABF-EAF9-AA25-C62E-5DD54D3EE10A}.Debug|Any CPU.ActiveCfg = Debug|Any CPU
		{75849ABF-EAF9-AA25-C62E-5DD54D3EE10A}.Debug|Any CPU.Build.0 = Debug|Any CPU
		{75849ABF-EAF9-AA25-C62E-5DD54D3EE10A}.Release|Any CPU.ActiveCfg = Release|Any CPU
		{75849ABF-EAF9-AA25-C62E-5DD54D3EE10A}.Release|Any CPU.Build.0 = Release|Any CPU
		{A09A75CD-F2BC-4ACC-B153-43BEF2CAA4E8}.Debug|Any CPU.ActiveCfg = Debug|Any CPU
		{A09A75CD-F2BC-4ACC-B153-43BEF2CAA4E8}.Debug|Any CPU.Build.0 = Debug|Any CPU
		{A09A75CD-F2BC-4ACC-B153-43BEF2CAA4E8}.Release|Any CPU.ActiveCfg = Release|Any CPU
		{A09A75CD-F2BC-4ACC-B153-43BEF2CAA4E8}.Release|Any CPU.Build.0 = Release|Any CPU
	EndGlobalSection
	GlobalSection(SolutionProperties) = preSolution
		HideSolutionNode = FALSE
	EndGlobalSection
	GlobalSection(MonoDevelopProperties) = preSolution
		StartupItem = Assembly-CSharp.csproj
	EndGlobalSection
EndGlobal
